
Microsoft Visual Studio Solution File, Format Version 12.00
# Visual Studio 15
VisualStudioVersion = 15.0.27906.1
MinimumVisualStudioVersion = 10.0.40219.1
Project("{9A19103F-16F7-4668-BE54-9A1E7A4F7556}") = "NuGetTrends.Api", "src\NuGetTrends.Api\NuGetTrends.Api.csproj", "{74F6B811-9533-4C03-868C-BC1DBD3C4D22}"
EndProject
Project("{9A19103F-16F7-4668-BE54-9A1E7A4F7556}") = "NuGet.Protocol.Catalog", "src\NuGet.Protocol.Catalog\NuGet.Protocol.Catalog.csproj", "{9691BF79-1E62-476B-85BA-5F7A06939E47}"
EndProject
Project("{FAE04EC0-301F-11D3-BF4B-00C04F79EFBC}") = "NuGetTrends.Data", "src\NuGetTrends.Data\NuGetTrends.Data.csproj", "{473984CE-0211-406E-B545-C417BB5B79EC}"
EndProject
Project("{FAE04EC0-301F-11D3-BF4B-00C04F79EFBC}") = "NuGetTrends.Scheduler", "src\NuGetTrends.Scheduler\NuGetTrends.Scheduler.csproj", "{A6E228CA-5E81-4B3C-82E3-5CF18BB0784D}"
EndProject
Project("{2150E333-8FDC-42A3-9474-1A3956D46DE8}") = "Solution Items", "Solution Items", "{AD05B453-E249-4C71-84C4-B30F527DF9DB}"
	ProjectSection(SolutionItems) = preProject
		.editorconfig = .editorconfig
		.gitattributes = .gitattributes
		.gitignore = .gitignore
		src\Directory.Build.props = src\Directory.Build.props
		docker-compose.yml = docker-compose.yml
		global.json = global.json
	EndProjectSection
EndProject
Project("{FAE04EC0-301F-11D3-BF4B-00C04F79EFBC}") = "Redirectr", "src\Redirectr\src\Redirectr\Redirectr.csproj", "{F10CAB5F-AB46-4DF9-B82C-5E158953C03A}"
EndProject
Project("{FAE04EC0-301F-11D3-BF4B-00C04F79EFBC}") = "Redirectr.AspNetCore", "src\Redirectr\src\Redirectr.AspNetCore\Redirectr.AspNetCore.csproj", "{01C9991E-28FD-46D9-9610-F40D0751A647}"
EndProject
Project("{FAE04EC0-301F-11D3-BF4B-00C04F79EFBC}") = "Redirectr.Npgsql", "src\Redirectr\src\Redirectr.Npgsql\Redirectr.Npgsql.csproj", "{30A3DBEC-DEB7-44A2-AC2D-DB09872EA5E7}"
EndProject
Global
	GlobalSection(SolutionConfigurationPlatforms) = preSolution
		Debug|Any CPU = Debug|Any CPU
		Release|Any CPU = Release|Any CPU
	EndGlobalSection
	GlobalSection(ProjectConfigurationPlatforms) = postSolution
		{74F6B811-9533-4C03-868C-BC1DBD3C4D22}.Debug|Any CPU.ActiveCfg = Debug|Any CPU
		{74F6B811-9533-4C03-868C-BC1DBD3C4D22}.Debug|Any CPU.Build.0 = Debug|Any CPU
		{74F6B811-9533-4C03-868C-BC1DBD3C4D22}.Release|Any CPU.ActiveCfg = Release|Any CPU
		{74F6B811-9533-4C03-868C-BC1DBD3C4D22}.Release|Any CPU.Build.0 = Release|Any CPU
		{9691BF79-1E62-476B-85BA-5F7A06939E47}.Debug|Any CPU.ActiveCfg = Debug|Any CPU
		{9691BF79-1E62-476B-85BA-5F7A06939E47}.Debug|Any CPU.Build.0 = Debug|Any CPU
		{9691BF79-1E62-476B-85BA-5F7A06939E47}.Release|Any CPU.ActiveCfg = Release|Any CPU
		{9691BF79-1E62-476B-85BA-5F7A06939E47}.Release|Any CPU.Build.0 = Release|Any CPU
		{473984CE-0211-406E-B545-C417BB5B79EC}.Debug|Any CPU.ActiveCfg = Debug|Any CPU
		{473984CE-0211-406E-B545-C417BB5B79EC}.Debug|Any CPU.Build.0 = Debug|Any CPU
		{473984CE-0211-406E-B545-C417BB5B79EC}.Release|Any CPU.ActiveCfg = Release|Any CPU
		{473984CE-0211-406E-B545-C417BB5B79EC}.Release|Any CPU.Build.0 = Release|Any CPU
		{A6E228CA-5E81-4B3C-82E3-5CF18BB0784D}.Debug|Any CPU.ActiveCfg = Debug|Any CPU
		{A6E228CA-5E81-4B3C-82E3-5CF18BB0784D}.Debug|Any CPU.Build.0 = Debug|Any CPU
		{A6E228CA-5E81-4B3C-82E3-5CF18BB0784D}.Release|Any CPU.ActiveCfg = Release|Any CPU
		{A6E228CA-5E81-4B3C-82E3-5CF18BB0784D}.Release|Any CPU.Build.0 = Release|Any CPU
		{F10CAB5F-AB46-4DF9-B82C-5E158953C03A}.Debug|Any CPU.ActiveCfg = Debug|Any CPU
		{F10CAB5F-AB46-4DF9-B82C-5E158953C03A}.Debug|Any CPU.Build.0 = Debug|Any CPU
		{F10CAB5F-AB46-4DF9-B82C-5E158953C03A}.Release|Any CPU.ActiveCfg = Release|Any CPU
		{F10CAB5F-AB46-4DF9-B82C-5E158953C03A}.Release|Any CPU.Build.0 = Release|Any CPU
		{01C9991E-28FD-46D9-9610-F40D0751A647}.Debug|Any CPU.ActiveCfg = Debug|Any CPU
		{01C9991E-28FD-46D9-9610-F40D0751A647}.Debug|Any CPU.Build.0 = Debug|Any CPU
		{01C9991E-28FD-46D9-9610-F40D0751A647}.Release|Any CPU.ActiveCfg = Release|Any CPU
		{01C9991E-28FD-46D9-9610-F40D0751A647}.Release|Any CPU.Build.0 = Release|Any CPU
		{30A3DBEC-DEB7-44A2-AC2D-DB09872EA5E7}.Debug|Any CPU.ActiveCfg = Debug|Any CPU
		{30A3DBEC-DEB7-44A2-AC2D-DB09872EA5E7}.Debug|Any CPU.Build.0 = Debug|Any CPU
		{30A3DBEC-DEB7-44A2-AC2D-DB09872EA5E7}.Release|Any CPU.ActiveCfg = Release|Any CPU
		{30A3DBEC-DEB7-44A2-AC2D-DB09872EA5E7}.Release|Any CPU.Build.0 = Release|Any CPU
	EndGlobalSection
	GlobalSection(SolutionProperties) = preSolution
		HideSolutionNode = FALSE
	EndGlobalSection
	GlobalSection(ExtensibilityGlobals) = postSolution
		SolutionGuid = {D3091D9B-7571-4167-89BF-4AAA2B17A956}
	EndGlobalSection
EndGlobal
