
Microsoft Visual Studio Solution File, Format Version 12.00
# Visual Studio Version 17
VisualStudioVersion = 17.8.34316.72
MinimumVisualStudioVersion = 10.0.40219.1
Project("{9A19103F-16F7-4668-BE54-9A1E7A4F7556}") = "NuGetTrends.Web", "src\NuGetTrends.Web\NuGetTrends.Web.csproj", "{74F6B811-9533-4C03-868C-BC1DBD3C4D22}"
EndProject
Project("{9A19103F-16F7-4668-BE54-9A1E7A4F7556}") = "NuGet.Protocol.Catalog", "src\NuGet.Protocol.Catalog\NuGet.Protocol.Catalog.csproj", "{9691BF79-1E62-476B-85BA-5F7A06939E47}"
EndProject
Project("{9A19103F-16F7-4668-BE54-9A1E7A4F7556}") = "NuGetTrends.Data", "src\NuGetTrends.Data\NuGetTrends.Data.csproj", "{473984CE-0211-406E-B545-C417BB5B79EC}"
EndProject
Project("{9A19103F-16F7-4668-BE54-9A1E7A4F7556}") = "NuGetTrends.Scheduler", "src\NuGetTrends.Scheduler\NuGetTrends.Scheduler.csproj", "{A6E228CA-5E81-4B3C-82E3-5CF18BB0784D}"
EndProject
Project("{2150E333-8FDC-42A3-9474-1A3956D46DE8}") = "Solution Items", "Solution Items", "{AD05B453-E249-4C71-84C4-B30F527DF9DB}"
	ProjectSection(SolutionItems) = preProject
		.editorconfig = .editorconfig
		.gitattributes = .gitattributes
		.gitignore = .gitignore
		src\Directory.Build.props = src\Directory.Build.props
		Directory.Packages.props = Directory.Packages.props
		docker-compose.yml = docker-compose.yml
		global.json = global.json
	EndProjectSection
EndProject
Project("{2150E333-8FDC-42A3-9474-1A3956D46DE8}") = "tests", "tests", "{827E0CD3-B72D-47B6-A68D-7590B98EB39B}"
EndProject
Project("{FAE04EC0-301F-11D3-BF4B-00C04F79EFBC}") = "NuGetTrends.Data.Tests", "src\NuGetTrends.Data.Tests\NuGetTrends.Data.Tests.csproj", "{B6546CEB-0D34-401B-BBCE-4BA7A6FF2ACE}"
EndProject
Project("{FAE04EC0-301F-11D3-BF4B-00C04F79EFBC}") = "NuGetTrends.IntegrationTests", "src\NuGetTrends.IntegrationTests\NuGetTrends.IntegrationTests.csproj", "{C5E7D031-6936-405C-90D4-0331B1230E3C}"
EndProject
Project("{2150E333-8FDC-42A3-9474-1A3956D46DE8}") = "src", "src", "{827E0CD3-B72D-47B6-A68D-7590B98EB39B}"
EndProject
Project("{FAE04EC0-301F-11D3-BF4B-00C04F79EFBC}") = "NuGetTrends.Scheduler.Tests", "src\NuGetTrends.Scheduler.Tests\NuGetTrends.Scheduler.Tests.csproj", "{EF4F7889-FB19-4D63-B12A-989F22E9BA29}"
EndProject
Global
	GlobalSection(SolutionConfigurationPlatforms) = preSolution
		Debug|Any CPU = Debug|Any CPU
		Debug|x64 = Debug|x64
		Debug|x86 = Debug|x86
		Release|Any CPU = Release|Any CPU
		Release|x64 = Release|x64
		Release|x86 = Release|x86
	EndGlobalSection
	GlobalSection(ProjectConfigurationPlatforms) = postSolution
		{74F6B811-9533-4C03-868C-BC1DBD3C4D22}.Debug|Any CPU.ActiveCfg = Debug|Any CPU
		{74F6B811-9533-4C03-868C-BC1DBD3C4D22}.Debug|Any CPU.Build.0 = Debug|Any CPU
		{74F6B811-9533-4C03-868C-BC1DBD3C4D22}.Debug|x64.ActiveCfg = Debug|Any CPU
		{74F6B811-9533-4C03-868C-BC1DBD3C4D22}.Debug|x64.Build.0 = Debug|Any CPU
		{74F6B811-9533-4C03-868C-BC1DBD3C4D22}.Debug|x86.ActiveCfg = Debug|Any CPU
		{74F6B811-9533-4C03-868C-BC1DBD3C4D22}.Debug|x86.Build.0 = Debug|Any CPU
		{74F6B811-9533-4C03-868C-BC1DBD3C4D22}.Release|Any CPU.ActiveCfg = Release|Any CPU
		{74F6B811-9533-4C03-868C-BC1DBD3C4D22}.Release|Any CPU.Build.0 = Release|Any CPU
		{74F6B811-9533-4C03-868C-BC1DBD3C4D22}.Release|x64.ActiveCfg = Release|Any CPU
		{74F6B811-9533-4C03-868C-BC1DBD3C4D22}.Release|x64.Build.0 = Release|Any CPU
		{74F6B811-9533-4C03-868C-BC1DBD3C4D22}.Release|x86.ActiveCfg = Release|Any CPU
		{74F6B811-9533-4C03-868C-BC1DBD3C4D22}.Release|x86.Build.0 = Release|Any CPU
		{9691BF79-1E62-476B-85BA-5F7A06939E47}.Debug|Any CPU.ActiveCfg = Debug|Any CPU
		{9691BF79-1E62-476B-85BA-5F7A06939E47}.Debug|Any CPU.Build.0 = Debug|Any CPU
		{9691BF79-1E62-476B-85BA-5F7A06939E47}.Debug|x64.ActiveCfg = Debug|Any CPU
		{9691BF79-1E62-476B-85BA-5F7A06939E47}.Debug|x64.Build.0 = Debug|Any CPU
		{9691BF79-1E62-476B-85BA-5F7A06939E47}.Debug|x86.ActiveCfg = Debug|Any CPU
		{9691BF79-1E62-476B-85BA-5F7A06939E47}.Debug|x86.Build.0 = Debug|Any CPU
		{9691BF79-1E62-476B-85BA-5F7A06939E47}.Release|Any CPU.ActiveCfg = Release|Any CPU
		{9691BF79-1E62-476B-85BA-5F7A06939E47}.Release|Any CPU.Build.0 = Release|Any CPU
		{9691BF79-1E62-476B-85BA-5F7A06939E47}.Release|x64.ActiveCfg = Release|Any CPU
		{9691BF79-1E62-476B-85BA-5F7A06939E47}.Release|x64.Build.0 = Release|Any CPU
		{9691BF79-1E62-476B-85BA-5F7A06939E47}.Release|x86.ActiveCfg = Release|Any CPU
		{9691BF79-1E62-476B-85BA-5F7A06939E47}.Release|x86.Build.0 = Release|Any CPU
		{473984CE-0211-406E-B545-C417BB5B79EC}.Debug|Any CPU.ActiveCfg = Debug|Any CPU
		{473984CE-0211-406E-B545-C417BB5B79EC}.Debug|Any CPU.Build.0 = Debug|Any CPU
		{473984CE-0211-406E-B545-C417BB5B79EC}.Debug|x64.ActiveCfg = Debug|Any CPU
		{473984CE-0211-406E-B545-C417BB5B79EC}.Debug|x64.Build.0 = Debug|Any CPU
		{473984CE-0211-406E-B545-C417BB5B79EC}.Debug|x86.ActiveCfg = Debug|Any CPU
		{473984CE-0211-406E-B545-C417BB5B79EC}.Debug|x86.Build.0 = Debug|Any CPU
		{473984CE-0211-406E-B545-C417BB5B79EC}.Release|Any CPU.ActiveCfg = Release|Any CPU
		{473984CE-0211-406E-B545-C417BB5B79EC}.Release|Any CPU.Build.0 = Release|Any CPU
		{473984CE-0211-406E-B545-C417BB5B79EC}.Release|x64.ActiveCfg = Release|Any CPU
		{473984CE-0211-406E-B545-C417BB5B79EC}.Release|x64.Build.0 = Release|Any CPU
		{473984CE-0211-406E-B545-C417BB5B79EC}.Release|x86.ActiveCfg = Release|Any CPU
		{473984CE-0211-406E-B545-C417BB5B79EC}.Release|x86.Build.0 = Release|Any CPU
		{A6E228CA-5E81-4B3C-82E3-5CF18BB0784D}.Debug|Any CPU.ActiveCfg = Debug|Any CPU
		{A6E228CA-5E81-4B3C-82E3-5CF18BB0784D}.Debug|Any CPU.Build.0 = Debug|Any CPU
		{A6E228CA-5E81-4B3C-82E3-5CF18BB0784D}.Debug|x64.ActiveCfg = Debug|Any CPU
		{A6E228CA-5E81-4B3C-82E3-5CF18BB0784D}.Debug|x64.Build.0 = Debug|Any CPU
		{A6E228CA-5E81-4B3C-82E3-5CF18BB0784D}.Debug|x86.ActiveCfg = Debug|Any CPU
		{A6E228CA-5E81-4B3C-82E3-5CF18BB0784D}.Debug|x86.Build.0 = Debug|Any CPU
		{A6E228CA-5E81-4B3C-82E3-5CF18BB0784D}.Release|Any CPU.ActiveCfg = Release|Any CPU
		{A6E228CA-5E81-4B3C-82E3-5CF18BB0784D}.Release|Any CPU.Build.0 = Release|Any CPU
		{A6E228CA-5E81-4B3C-82E3-5CF18BB0784D}.Release|x64.ActiveCfg = Release|Any CPU
		{A6E228CA-5E81-4B3C-82E3-5CF18BB0784D}.Release|x64.Build.0 = Release|Any CPU
		{A6E228CA-5E81-4B3C-82E3-5CF18BB0784D}.Release|x86.ActiveCfg = Release|Any CPU
		{A6E228CA-5E81-4B3C-82E3-5CF18BB0784D}.Release|x86.Build.0 = Release|Any CPU
		{B6546CEB-0D34-401B-BBCE-4BA7A6FF2ACE}.Debug|Any CPU.ActiveCfg = Debug|Any CPU
		{B6546CEB-0D34-401B-BBCE-4BA7A6FF2ACE}.Debug|Any CPU.Build.0 = Debug|Any CPU
		{B6546CEB-0D34-401B-BBCE-4BA7A6FF2ACE}.Debug|x64.ActiveCfg = Debug|Any CPU
		{B6546CEB-0D34-401B-BBCE-4BA7A6FF2ACE}.Debug|x64.Build.0 = Debug|Any CPU
		{B6546CEB-0D34-401B-BBCE-4BA7A6FF2ACE}.Debug|x86.ActiveCfg = Debug|Any CPU
		{B6546CEB-0D34-401B-BBCE-4BA7A6FF2ACE}.Debug|x86.Build.0 = Debug|Any CPU
		{B6546CEB-0D34-401B-BBCE-4BA7A6FF2ACE}.Release|Any CPU.ActiveCfg = Release|Any CPU
		{B6546CEB-0D34-401B-BBCE-4BA7A6FF2ACE}.Release|Any CPU.Build.0 = Release|Any CPU
		{B6546CEB-0D34-401B-BBCE-4BA7A6FF2ACE}.Release|x64.ActiveCfg = Release|Any CPU
		{B6546CEB-0D34-401B-BBCE-4BA7A6FF2ACE}.Release|x64.Build.0 = Release|Any CPU
		{B6546CEB-0D34-401B-BBCE-4BA7A6FF2ACE}.Release|x86.ActiveCfg = Release|Any CPU
		{B6546CEB-0D34-401B-BBCE-4BA7A6FF2ACE}.Release|x86.Build.0 = Release|Any CPU
		{C5E7D031-6936-405C-90D4-0331B1230E3C}.Debug|Any CPU.ActiveCfg = Debug|Any CPU
		{C5E7D031-6936-405C-90D4-0331B1230E3C}.Debug|Any CPU.Build.0 = Debug|Any CPU
		{C5E7D031-6936-405C-90D4-0331B1230E3C}.Debug|x64.ActiveCfg = Debug|Any CPU
		{C5E7D031-6936-405C-90D4-0331B1230E3C}.Debug|x64.Build.0 = Debug|Any CPU
		{C5E7D031-6936-405C-90D4-0331B1230E3C}.Debug|x86.ActiveCfg = Debug|Any CPU
		{C5E7D031-6936-405C-90D4-0331B1230E3C}.Debug|x86.Build.0 = Debug|Any CPU
		{C5E7D031-6936-405C-90D4-0331B1230E3C}.Release|Any CPU.ActiveCfg = Release|Any CPU
		{C5E7D031-6936-405C-90D4-0331B1230E3C}.Release|Any CPU.Build.0 = Release|Any CPU
		{C5E7D031-6936-405C-90D4-0331B1230E3C}.Release|x64.ActiveCfg = Release|Any CPU
		{C5E7D031-6936-405C-90D4-0331B1230E3C}.Release|x64.Build.0 = Release|Any CPU
		{C5E7D031-6936-405C-90D4-0331B1230E3C}.Release|x86.ActiveCfg = Release|Any CPU
		{C5E7D031-6936-405C-90D4-0331B1230E3C}.Release|x86.Build.0 = Release|Any CPU
		{EF4F7889-FB19-4D63-B12A-989F22E9BA29}.Debug|Any CPU.ActiveCfg = Debug|Any CPU
		{EF4F7889-FB19-4D63-B12A-989F22E9BA29}.Debug|Any CPU.Build.0 = Debug|Any CPU
		{EF4F7889-FB19-4D63-B12A-989F22E9BA29}.Debug|x64.ActiveCfg = Debug|Any CPU
		{EF4F7889-FB19-4D63-B12A-989F22E9BA29}.Debug|x64.Build.0 = Debug|Any CPU
		{EF4F7889-FB19-4D63-B12A-989F22E9BA29}.Debug|x86.ActiveCfg = Debug|Any CPU
		{EF4F7889-FB19-4D63-B12A-989F22E9BA29}.Debug|x86.Build.0 = Debug|Any CPU
		{EF4F7889-FB19-4D63-B12A-989F22E9BA29}.Release|Any CPU.ActiveCfg = Release|Any CPU
		{EF4F7889-FB19-4D63-B12A-989F22E9BA29}.Release|Any CPU.Build.0 = Release|Any CPU
		{EF4F7889-FB19-4D63-B12A-989F22E9BA29}.Release|x64.ActiveCfg = Release|Any CPU
		{EF4F7889-FB19-4D63-B12A-989F22E9BA29}.Release|x64.Build.0 = Release|Any CPU
		{EF4F7889-FB19-4D63-B12A-989F22E9BA29}.Release|x86.ActiveCfg = Release|Any CPU
		{EF4F7889-FB19-4D63-B12A-989F22E9BA29}.Release|x86.Build.0 = Release|Any CPU
	EndGlobalSection
	GlobalSection(SolutionProperties) = preSolution
		HideSolutionNode = FALSE
	EndGlobalSection
	GlobalSection(NestedProjects) = preSolution
		{B6546CEB-0D34-401B-BBCE-4BA7A6FF2ACE} = {827E0CD3-B72D-47B6-A68D-7590B98EB39B}
		{C5E7D031-6936-405C-90D4-0331B1230E3C} = {827E0CD3-B72D-47B6-A68D-7590B98EB39B}
		{EF4F7889-FB19-4D63-B12A-989F22E9BA29} = {827E0CD3-B72D-47B6-A68D-7590B98EB39B}
	EndGlobalSection
	GlobalSection(ExtensibilityGlobals) = postSolution
		SolutionGuid = {D3091D9B-7571-4167-89BF-4AAA2B17A956}
	EndGlobalSection
EndGlobal
